
Microsoft Visual Studio Solution File, Format Version 11.00
# Visual Studio 2010
Project("{FAE04EC0-301F-11D3-BF4B-00C04F79EFBC}") = "Handy", "Assembly-CSharp.csproj", "{AD1EEB29-1B48-DBD4-ADDE-02AE7F2D7812}"
EndProject
Global
	GlobalSection(SolutionConfigurationPlatforms) = preSolution
		Debug|Any CPU = Debug|Any CPU
		Release|Any CPU = Release|Any CPU
	EndGlobalSection
	GlobalSection(ProjectConfigurationPlatforms) = postSolution
		{AD1EEB29-1B48-DBD4-ADDE-02AE7F2D7812}.Debug|Any CPU.ActiveCfg = Debug|Any CPU
		{AD1EEB29-1B48-DBD4-ADDE-02AE7F2D7812}.Debug|Any CPU.Build.0 = Debug|Any CPU
		{AD1EEB29-1B48-DBD4-ADDE-02AE7F2D7812}.Release|Any CPU.ActiveCfg = Release|Any CPU
		{AD1EEB29-1B48-DBD4-ADDE-02AE7F2D7812}.Release|Any CPU.Build.0 = Release|Any CPU
	EndGlobalSection
	GlobalSection(SolutionProperties) = preSolution
		HideSolutionNode = FALSE
	EndGlobalSection
	GlobalSection(MonoDevelopProperties) = preSolution
		StartupItem = Assembly-CSharp.csproj
	EndGlobalSection
EndGlobal
